// !$*UTF8*$!
{
	archiveVersion = 1;
	classes = {
	};
	objectVersion = 56;
	objects = {

/* Begin PBXBuildFile section */
		048E62FF2AB359DD00278FCD /* AppDelegate.swift in Sources */ = {isa = PBXBuildFile; fileRef = 048E62FE2AB359DD00278FCD /* AppDelegate.swift */; };
		048E63012AB359DD00278FCD /* SceneDelegate.swift in Sources */ = {isa = PBXBuildFile; fileRef = 048E63002AB359DD00278FCD /* SceneDelegate.swift */; };
		048E63032AB359DD00278FCD /* ViewController.swift in Sources */ = {isa = PBXBuildFile; fileRef = 048E63022AB359DD00278FCD /* ViewController.swift */; };
		048E63062AB359DD00278FCD /* Main.storyboard in Resources */ = {isa = PBXBuildFile; fileRef = 048E63042AB359DD00278FCD /* Main.storyboard */; };
		048E63082AB359E000278FCD /* Assets.xcassets in Resources */ = {isa = PBXBuildFile; fileRef = 048E63072AB359E000278FCD /* Assets.xcassets */; };
		048E630B2AB359E000278FCD /* LaunchScreen.storyboard in Resources */ = {isa = PBXBuildFile; fileRef = 048E63092AB359E000278FCD /* LaunchScreen.storyboard */; };
		048E63152AB35A5D00278FCD /* SSTextField.swift in Sources */ = {isa = PBXBuildFile; fileRef = 048E63132AB35A5D00278FCD /* SSTextField.swift */; };
		048E63162AB35A5D00278FCD /* SSTextField.xib in Resources */ = {isa = PBXBuildFile; fileRef = 048E63142AB35A5D00278FCD /* SSTextField.xib */; };
		048E63182AB7255A00278FCD /* String+Ext.swift in Sources */ = {isa = PBXBuildFile; fileRef = 048E63172AB7255A00278FCD /* String+Ext.swift */; };
/* End PBXBuildFile section */

/* Begin PBXFileReference section */
		048E62FB2AB359DD00278FCD /* SSTextField.app */ = {isa = PBXFileReference; explicitFileType = wrapper.application; includeInIndex = 0; path = SSTextField.app; sourceTree = BUILT_PRODUCTS_DIR; };
		048E62FE2AB359DD00278FCD /* AppDelegate.swift */ = {isa = PBXFileReference; lastKnownFileType = sourcecode.swift; path = AppDelegate.swift; sourceTree = "<group>"; };
		048E63002AB359DD00278FCD /* SceneDelegate.swift */ = {isa = PBXFileReference; lastKnownFileType = sourcecode.swift; path = SceneDelegate.swift; sourceTree = "<group>"; };
		048E63022AB359DD00278FCD /* ViewController.swift */ = {isa = PBXFileReference; lastKnownFileType = sourcecode.swift; path = ViewController.swift; sourceTree = "<group>"; };
		048E63052AB359DD00278FCD /* Base */ = {isa = PBXFileReference; lastKnownFileType = file.storyboard; name = Base; path = Base.lproj/Main.storyboard; sourceTree = "<group>"; };
		048E63072AB359E000278FCD /* Assets.xcassets */ = {isa = PBXFileReference; lastKnownFileType = folder.assetcatalog; path = Assets.xcassets; sourceTree = "<group>"; };
		048E630A2AB359E000278FCD /* Base */ = {isa = PBXFileReference; lastKnownFileType = file.storyboard; name = Base; path = Base.lproj/LaunchScreen.storyboard; sourceTree = "<group>"; };
		048E630C2AB359E000278FCD /* Info.plist */ = {isa = PBXFileReference; lastKnownFileType = text.plist.xml; path = Info.plist; sourceTree = "<group>"; };
		048E63132AB35A5D00278FCD /* SSTextField.swift */ = {isa = PBXFileReference; fileEncoding = 4; lastKnownFileType = sourcecode.swift; path = SSTextField.swift; sourceTree = "<group>"; };
		048E63142AB35A5D00278FCD /* SSTextField.xib */ = {isa = PBXFileReference; fileEncoding = 4; lastKnownFileType = file.xib; path = SSTextField.xib; sourceTree = "<group>"; };
		048E63172AB7255A00278FCD /* String+Ext.swift */ = {isa = PBXFileReference; lastKnownFileType = sourcecode.swift; path = "String+Ext.swift"; sourceTree = "<group>"; };
/* End PBXFileReference section */

/* Begin PBXFrameworksBuildPhase section */
		048E62F82AB359DD00278FCD /* Frameworks */ = {
			isa = PBXFrameworksBuildPhase;
			buildActionMask = 2147483647;
			files = (
			);
			runOnlyForDeploymentPostprocessing = 0;
		};
/* End PBXFrameworksBuildPhase section */

/* Begin PBXGroup section */
		048E62F22AB359DD00278FCD = {
			isa = PBXGroup;
			children = (
				048E62FD2AB359DD00278FCD /* SSTextField */,
				048E62FC2AB359DD00278FCD /* Products */,
			);
			sourceTree = "<group>";
		};
		048E62FC2AB359DD00278FCD /* Products */ = {
			isa = PBXGroup;
			children = (
				048E62FB2AB359DD00278FCD /* SSTextField.app */,
			);
			name = Products;
			sourceTree = "<group>";
		};
		048E62FD2AB359DD00278FCD /* SSTextField */ = {
			isa = PBXGroup;
			children = (
				048E63172AB7255A00278FCD /* String+Ext.swift */,
				048E63122AB35A4200278FCD /* SSTextField */,
				048E62FE2AB359DD00278FCD /* AppDelegate.swift */,
				048E63002AB359DD00278FCD /* SceneDelegate.swift */,
				048E63022AB359DD00278FCD /* ViewController.swift */,
				048E63042AB359DD00278FCD /* Main.storyboard */,
				048E63072AB359E000278FCD /* Assets.xcassets */,
				048E63092AB359E000278FCD /* LaunchScreen.storyboard */,
				048E630C2AB359E000278FCD /* Info.plist */,
			);
			path = SSTextField;
			sourceTree = "<group>";
		};
		048E63122AB35A4200278FCD /* SSTextField */ = {
			isa = PBXGroup;
			children = (
				048E63132AB35A5D00278FCD /* SSTextField.swift */,
				048E63142AB35A5D00278FCD /* SSTextField.xib */,
			);
			path = SSTextField;
			sourceTree = "<group>";
		};
/* End PBXGroup section */

/* Begin PBXNativeTarget section */
		048E62FA2AB359DD00278FCD /* SSTextField */ = {
			isa = PBXNativeTarget;
			buildConfigurationList = 048E630F2AB359E000278FCD /* Build configuration list for PBXNativeTarget "SSTextField" */;
			buildPhases = (
				048E62F72AB359DD00278FCD /* Sources */,
				048E62F82AB359DD00278FCD /* Frameworks */,
				048E62F92AB359DD00278FCD /* Resources */,
			);
			buildRules = (
			);
			dependencies = (
			);
			name = SSTextField;
			productName = SSTextField;
			productReference = 048E62FB2AB359DD00278FCD /* SSTextField.app */;
			productType = "com.apple.product-type.application";
		};
/* End PBXNativeTarget section */

/* Begin PBXProject section */
		048E62F32AB359DD00278FCD /* Project object */ = {
			isa = PBXProject;
			attributes = {
				BuildIndependentTargetsInParallel = 1;
				LastSwiftUpdateCheck = 1420;
				LastUpgradeCheck = 1420;
				TargetAttributes = {
					048E62FA2AB359DD00278FCD = {
						CreatedOnToolsVersion = 14.2;
					};
				};
			};
			buildConfigurationList = 048E62F62AB359DD00278FCD /* Build configuration list for PBXProject "SSTextField" */;
			compatibilityVersion = "Xcode 14.0";
			developmentRegion = en;
			hasScannedForEncodings = 0;
			knownRegions = (
				en,
				Base,
			);
			mainGroup = 048E62F22AB359DD00278FCD;
			productRefGroup = 048E62FC2AB359DD00278FCD /* Products */;
			projectDirPath = "";
			projectRoot = "";
			targets = (
				048E62FA2AB359DD00278FCD /* SSTextField */,
			);
		};
/* End PBXProject section */

/* Begin PBXResourcesBuildPhase section */
		048E62F92AB359DD00278FCD /* Resources */ = {
			isa = PBXResourcesBuildPhase;
			buildActionMask = 2147483647;
			files = (
				048E630B2AB359E000278FCD /* LaunchScreen.storyboard in Resources */,
				048E63082AB359E000278FCD /* Assets.xcassets in Resources */,
				048E63062AB359DD00278FCD /* Main.storyboard in Resources */,
				048E63162AB35A5D00278FCD /* SSTextField.xib in Resources */,
			);
			runOnlyForDeploymentPostprocessing = 0;
		};
/* End PBXResourcesBuildPhase section */

/* Begin PBXSourcesBuildPhase section */
		048E62F72AB359DD00278FCD /* Sources */ = {
			isa = PBXSourcesBuildPhase;
			buildActionMask = 2147483647;
			files = (
				048E63032AB359DD00278FCD /* ViewController.swift in Sources */,
				048E62FF2AB359DD00278FCD /* AppDelegate.swift in Sources */,
				048E63012AB359DD00278FCD /* SceneDelegate.swift in Sources */,
				048E63182AB7255A00278FCD /* String+Ext.swift in Sources */,
				048E63152AB35A5D00278FCD /* SSTextField.swift in Sources */,
			);
			runOnlyForDeploymentPostprocessing = 0;
		};
/* End PBXSourcesBuildPhase section */

/* Begin PBXVariantGroup section */
		048E63042AB359DD00278FCD /* Main.storyboard */ = {
			isa = PBXVariantGroup;
			children = (
				048E63052AB359DD00278FCD /* Base */,
			);
			name = Main.storyboard;
			sourceTree = "<group>";
		};
		048E63092AB359E000278FCD /* LaunchScreen.storyboard */ = {
			isa = PBXVariantGroup;
			children = (
				048E630A2AB359E000278FCD /* Base */,
			);
			name = LaunchScreen.storyboard;
			sourceTree = "<group>";
		};
/* End PBXVariantGroup section */

/* Begin XCBuildConfiguration section */
		048E630D2AB359E000278FCD /* Debug */ = {
			isa = XCBuildConfiguration;
			buildSettings = {
				ALWAYS_SEARCH_USER_PATHS = NO;
				CLANG_ANALYZER_NONNULL = YES;
				CLANG_ANALYZER_NUMBER_OBJECT_CONVERSION = YES_AGGRESSIVE;
				CLANG_CXX_LANGUAGE_STANDARD = "gnu++20";
				CLANG_ENABLE_MODULES = YES;
				CLANG_ENABLE_OBJC_ARC = YES;
				CLANG_ENABLE_OBJC_WEAK = YES;
				CLANG_WARN_BLOCK_CAPTURE_AUTORELEASING = YES;
				CLANG_WARN_BOOL_CONVERSION = YES;
				CLANG_WARN_COMMA = YES;
				CLANG_WARN_CONSTANT_CONVERSION = YES;
				CLANG_WARN_DEPRECATED_OBJC_IMPLEMENTATIONS = YES;
				CLANG_WARN_DIRECT_OBJC_ISA_USAGE = YES_ERROR;
				CLANG_WARN_DOCUMENTATION_COMMENTS = YES;
				CLANG_WARN_EMPTY_BODY = YES;
				CLANG_WARN_ENUM_CONVERSION = YES;
				CLANG_WARN_INFINITE_RECURSION = YES;
				CLANG_WARN_INT_CONVERSION = YES;
				CLANG_WARN_NON_LITERAL_NULL_CONVERSION = YES;
				CLANG_WARN_OBJC_IMPLICIT_RETAIN_SELF = YES;
				CLANG_WARN_OBJC_LITERAL_CONVERSION = YES;
				CLANG_WARN_OBJC_ROOT_CLASS = YES_ERROR;
				CLANG_WARN_QUOTED_INCLUDE_IN_FRAMEWORK_HEADER = YES;
				CLANG_WARN_RANGE_LOOP_ANALYSIS = YES;
				CLANG_WARN_STRICT_PROTOTYPES = YES;
				CLANG_WARN_SUSPICIOUS_MOVE = YES;
				CLANG_WARN_UNGUARDED_AVAILABILITY = YES_AGGRESSIVE;
				CLANG_WARN_UNREACHABLE_CODE = YES;
				CLANG_WARN__DUPLICATE_METHOD_MATCH = YES;
				COPY_PHASE_STRIP = NO;
				DEBUG_INFORMATION_FORMAT = dwarf;
				ENABLE_STRICT_OBJC_MSGSEND = YES;
				ENABLE_TESTABILITY = YES;
				GCC_C_LANGUAGE_STANDARD = gnu11;
				GCC_DYNAMIC_NO_PIC = NO;
				GCC_NO_COMMON_BLOCKS = YES;
				GCC_OPTIMIZATION_LEVEL = 0;
				GCC_PREPROCESSOR_DEFINITIONS = (
					"DEBUG=1",
					"$(inherited)",
				);
				GCC_WARN_64_TO_32_BIT_CONVERSION = YES;
				GCC_WARN_ABOUT_RETURN_TYPE = YES_ERROR;
				GCC_WARN_UNDECLARED_SELECTOR = YES;
				GCC_WARN_UNINITIALIZED_AUTOS = YES_AGGRESSIVE;
				GCC_WARN_UNUSED_FUNCTION = YES;
				GCC_WARN_UNUSED_VARIABLE = YES;
				IPHONEOS_DEPLOYMENT_TARGET = 16.2;
				MTL_ENABLE_DEBUG_INFO = INCLUDE_SOURCE;
				MTL_FAST_MATH = YES;
				ONLY_ACTIVE_ARCH = YES;
				SDKROOT = iphoneos;
				SWIFT_ACTIVE_COMPILATION_CONDITIONS = DEBUG;
				SWIFT_OPTIMIZATION_LEVEL = "-Onone";
			};
			name = Debug;
		};
		048E630E2AB359E000278FCD /* Release */ = {
			isa = XCBuildConfiguration;
			buildSettings = {
				ALWAYS_SEARCH_USER_PATHS = NO;
				CLANG_ANALYZER_NONNULL = YES;
				CLANG_ANALYZER_NUMBER_OBJECT_CONVERSION = YES_AGGRESSIVE;
				CLANG_CXX_LANGUAGE_STANDARD = "gnu++20";
				CLANG_ENABLE_MODULES = YES;
				CLANG_ENABLE_OBJC_ARC = YES;
				CLANG_ENABLE_OBJC_WEAK = YES;
				CLANG_WARN_BLOCK_CAPTURE_AUTORELEASING = YES;
				CLANG_WARN_BOOL_CONVERSION = YES;
				CLANG_WARN_COMMA = YES;
				CLANG_WARN_CONSTANT_CONVERSION = YES;
				CLANG_WARN_DEPRECATED_OBJC_IMPLEMENTATIONS = YES;
				CLANG_WARN_DIRECT_OBJC_ISA_USAGE = YES_ERROR;
				CLANG_WARN_DOCUMENTATION_COMMENTS = YES;
				CLANG_WARN_EMPTY_BODY = YES;
				CLANG_WARN_ENUM_CONVERSION = YES;
				CLANG_WARN_INFINITE_RECURSION = YES;
				CLANG_WARN_INT_CONVERSION = YES;
				CLANG_WARN_NON_LITERAL_NULL_CONVERSION = YES;
				CLANG_WARN_OBJC_IMPLICIT_RETAIN_SELF = YES;
				CLANG_WARN_OBJC_LITERAL_CONVERSION = YES;
				CLANG_WARN_OBJC_ROOT_CLASS = YES_ERROR;
				CLANG_WARN_QUOTED_INCLUDE_IN_FRAMEWORK_HEADER = YES;
				CLANG_WARN_RANGE_LOOP_ANALYSIS = YES;
				CLANG_WARN_STRICT_PROTOTYPES = YES;
				CLANG_WARN_SUSPICIOUS_MOVE = YES;
				CLANG_WARN_UNGUARDED_AVAILABILITY = YES_AGGRESSIVE;
				CLANG_WARN_UNREACHABLE_CODE = YES;
				CLANG_WARN__DUPLICATE_METHOD_MATCH = YES;
				COPY_PHASE_STRIP = NO;
				DEBUG_INFORMATION_FORMAT = "dwarf-with-dsym";
				ENABLE_NS_ASSERTIONS = NO;
				ENABLE_STRICT_OBJC_MSGSEND = YES;
				GCC_C_LANGUAGE_STANDARD = gnu11;
				GCC_NO_COMMON_BLOCKS = YES;
				GCC_WARN_64_TO_32_BIT_CONVERSION = YES;
				GCC_WARN_ABOUT_RETURN_TYPE = YES_ERROR;
				GCC_WARN_UNDECLARED_SELECTOR = YES;
				GCC_WARN_UNINITIALIZED_AUTOS = YES_AGGRESSIVE;
				GCC_WARN_UNUSED_FUNCTION = YES;
				GCC_WARN_UNUSED_VARIABLE = YES;
				IPHONEOS_DEPLOYMENT_TARGET = 16.2;
				MTL_ENABLE_DEBUG_INFO = NO;
				MTL_FAST_MATH = YES;
				SDKROOT = iphoneos;
				SWIFT_COMPILATION_MODE = wholemodule;
				SWIFT_OPTIMIZATION_LEVEL = "-O";
				VALIDATE_PRODUCT = YES;
			};
			name = Release;
		};
		048E63102AB359E000278FCD /* Debug */ = {
			isa = XCBuildConfiguration;
			buildSettings = {
				ASSETCATALOG_COMPILER_APPICON_NAME = AppIcon;
				ASSETCATALOG_COMPILER_GLOBAL_ACCENT_COLOR_NAME = AccentColor;
				CODE_SIGN_STYLE = Automatic;
				CURRENT_PROJECT_VERSION = 1;
				GENERATE_INFOPLIST_FILE = YES;
				INFOPLIST_FILE = SSTextField/Info.plist;
				INFOPLIST_KEY_UIApplicationSupportsIndirectInputEvents = YES;
				INFOPLIST_KEY_UILaunchStoryboardName = LaunchScreen;
				INFOPLIST_KEY_UIMainStoryboardFile = Main;
				INFOPLIST_KEY_UISupportedInterfaceOrientations_iPad = "UIInterfaceOrientationPortrait UIInterfaceOrientationPortraitUpsideDown UIInterfaceOrientationLandscapeLeft UIInterfaceOrientationLandscapeRight";
				INFOPLIST_KEY_UISupportedInterfaceOrientations_iPhone = "UIInterfaceOrientationPortrait UIInterfaceOrientationLandscapeLeft UIInterfaceOrientationLandscapeRight";
				IPHONEOS_DEPLOYMENT_TARGET = 16.0;
				LD_RUNPATH_SEARCH_PATHS = (
					"$(inherited)",
					"@executable_path/Frameworks",
				);
				MARKETING_VERSION = 1.0;
				PRODUCT_BUNDLE_IDENTIFIER = com.SchaheerSaleem.SSTextField;
				PRODUCT_NAME = "$(TARGET_NAME)";
				SWIFT_EMIT_LOC_STRINGS = YES;
				SWIFT_VERSION = 5.0;
				TARGETED_DEVICE_FAMILY = "1,2";
			};
			name = Debug;
		};
		048E63112AB359E000278FCD /* Release */ = {
			isa = XCBuildConfiguration;
			buildSettings = {
				ASSETCATALOG_COMPILER_APPICON_NAME = AppIcon;
				ASSETCATALOG_COMPILER_GLOBAL_ACCENT_COLOR_NAME = AccentColor;
				CODE_SIGN_STYLE = Automatic;
				CURRENT_PROJECT_VERSION = 1;
				GENERATE_INFOPLIST_FILE = YES;
				INFOPLIST_FILE = SSTextField/Info.plist;
				INFOPLIST_KEY_UIApplicationSupportsIndirectInputEvents = YES;
				INFOPLIST_KEY_UILaunchStoryboardName = LaunchScreen;
				INFOPLIST_KEY_UIMainStoryboardFile = Main;
				INFOPLIST_KEY_UISupportedInterfaceOrientations_iPad = "UIInterfaceOrientationPortrait UIInterfaceOrientationPortraitUpsideDown UIInterfaceOrientationLandscapeLeft UIInterfaceOrientationLandscapeRight";
				INFOPLIST_KEY_UISupportedInterfaceOrientations_iPhone = "UIInterfaceOrientationPortrait UIInterfaceOrientationLandscapeLeft UIInterfaceOrientationLandscapeRight";
				IPHONEOS_DEPLOYMENT_TARGET = 16.0;
				LD_RUNPATH_SEARCH_PATHS = (
					"$(inherited)",
					"@executable_path/Frameworks",
				);
				MARKETING_VERSION = 1.0;
				PRODUCT_BUNDLE_IDENTIFIER = com.SchaheerSaleem.SSTextField;
				PRODUCT_NAME = "$(TARGET_NAME)";
				SWIFT_EMIT_LOC_STRINGS = YES;
				SWIFT_VERSION = 5.0;
				TARGETED_DEVICE_FAMILY = "1,2";
			};
			name = Release;
		};
/* End XCBuildConfiguration section */

/* Begin XCConfigurationList section */
		048E62F62AB359DD00278FCD /* Build configuration list for PBXProject "SSTextField" */ = {
			isa = XCConfigurationList;
			buildConfigurations = (
				048E630D2AB359E000278FCD /* Debug */,
				048E630E2AB359E000278FCD /* Release */,
			);
			defaultConfigurationIsVisible = 0;
			defaultConfigurationName = Release;
		};
		048E630F2AB359E000278FCD /* Build configuration list for PBXNativeTarget "SSTextField" */ = {
			isa = XCConfigurationList;
			buildConfigurations = (
				048E63102AB359E000278FCD /* Debug */,
				048E63112AB359E000278FCD /* Release */,
			);
			defaultConfigurationIsVisible = 0;
			defaultConfigurationName = Release;
		};
/* End XCConfigurationList section */
	};
	rootObject = 048E62F32AB359DD00278FCD /* Project object */;
}
